
Microsoft Visual Studio Solution File, Format Version 12.00
# Visual Studio Version 17
VisualStudioVersion = 17.1.32210.238
MinimumVisualStudioVersion = 10.0.40219.1
Project("{FAE04EC0-301F-11D3-BF4B-00C04F79EFBC}") = "SayacRapor", "SayacRapor\SayacRapor.csproj", "{692F3F73-4BB1-41C4-9973-4B33758899C6}"
EndProject
Global
	GlobalSection(SolutionConfigurationPlatforms) = preSolution
		Debug|Any CPU = Debug|Any CPU
		Release|Any CPU = Release|Any CPU
	EndGlobalSection
	GlobalSection(ProjectConfigurationPlatforms) = postSolution
		{692F3F73-4BB1-41C4-9973-4B33758899C6}.Debug|Any CPU.ActiveCfg = Debug|Any CPU
		{692F3F73-4BB1-41C4-9973-4B33758899C6}.Debug|Any CPU.Build.0 = Debug|Any CPU
		{692F3F73-4BB1-41C4-9973-4B33758899C6}.Release|Any CPU.ActiveCfg = Release|Any CPU
		{692F3F73-4BB1-41C4-9973-4B33758899C6}.Release|Any CPU.Build.0 = Release|Any CPU
	EndGlobalSection
	GlobalSection(SolutionProperties) = preSolution
		HideSolutionNode = FALSE
	EndGlobalSection
	GlobalSection(ExtensibilityGlobals) = postSolution
		SolutionGuid = {A983CF23-BBA3-4926-9EE5-E9ECA60738B1}
	EndGlobalSection
EndGlobal
